// !$*UTF8*$!
{
	archiveVersion = 1;
	classes = {
	};
	objectVersion = 55;
	objects = {

/* Begin PBXBuildFile section */
		A76878CF27019E5600079B2E /* AppDelegate.swift in Sources */ = {isa = PBXBuildFile; fileRef = A76878CE27019E5600079B2E /* AppDelegate.swift */; };
		A76878D127019E5600079B2E /* Assets.xcassets in Resources */ = {isa = PBXBuildFile; fileRef = A76878D027019E5600079B2E /* Assets.xcassets */; };
		A76878D427019E5600079B2E /* MainMenu.xib in Resources */ = {isa = PBXBuildFile; fileRef = A76878D227019E5600079B2E /* MainMenu.xib */; };
		A76878DD27019E7300079B2E /* MainWindowController.swift in Sources */ = {isa = PBXBuildFile; fileRef = A76878DB27019E7300079B2E /* MainWindowController.swift */; };
		A76878DE27019E7300079B2E /* MainWindowController.xib in Resources */ = {isa = PBXBuildFile; fileRef = A76878DC27019E7300079B2E /* MainWindowController.xib */; };
		A76878E127019E8E00079B2E /* ViewController.swift in Sources */ = {isa = PBXBuildFile; fileRef = A76878DF27019E8E00079B2E /* ViewController.swift */; };
		A76878E227019E8E00079B2E /* ViewController.xib in Resources */ = {isa = PBXBuildFile; fileRef = A76878E027019E8E00079B2E /* ViewController.xib */; };
		A76878E727019F0300079B2E /* Entry.swift in Sources */ = {isa = PBXBuildFile; fileRef = A76878E627019F0300079B2E /* Entry.swift */; };
/* End PBXBuildFile section */

/* Begin PBXFileReference section */
		A76878CB27019E5600079B2E /* Schemes.app */ = {isa = PBXFileReference; explicitFileType = wrapper.application; includeInIndex = 0; path = Schemes.app; sourceTree = BUILT_PRODUCTS_DIR; };
		A76878CE27019E5600079B2E /* AppDelegate.swift */ = {isa = PBXFileReference; lastKnownFileType = sourcecode.swift; path = AppDelegate.swift; sourceTree = "<group>"; };
		A76878D027019E5600079B2E /* Assets.xcassets */ = {isa = PBXFileReference; lastKnownFileType = folder.assetcatalog; path = Assets.xcassets; sourceTree = "<group>"; };
		A76878D327019E5600079B2E /* Base */ = {isa = PBXFileReference; lastKnownFileType = file.xib; name = Base; path = Base.lproj/MainMenu.xib; sourceTree = "<group>"; };
		A76878D527019E5600079B2E /* Schemes.entitlements */ = {isa = PBXFileReference; lastKnownFileType = text.plist.entitlements; path = Schemes.entitlements; sourceTree = "<group>"; };
		A76878DB27019E7300079B2E /* MainWindowController.swift */ = {isa = PBXFileReference; lastKnownFileType = sourcecode.swift; path = MainWindowController.swift; sourceTree = "<group>"; };
		A76878DC27019E7300079B2E /* MainWindowController.xib */ = {isa = PBXFileReference; lastKnownFileType = file.xib; path = MainWindowController.xib; sourceTree = "<group>"; };
		A76878DF27019E8E00079B2E /* ViewController.swift */ = {isa = PBXFileReference; lastKnownFileType = sourcecode.swift; path = ViewController.swift; sourceTree = "<group>"; };
		A76878E027019E8E00079B2E /* ViewController.xib */ = {isa = PBXFileReference; lastKnownFileType = file.xib; path = ViewController.xib; sourceTree = "<group>"; };
		A76878E627019F0300079B2E /* Entry.swift */ = {isa = PBXFileReference; lastKnownFileType = sourcecode.swift; path = Entry.swift; sourceTree = "<group>"; };
/* End PBXFileReference section */

/* Begin PBXFrameworksBuildPhase section */
		A76878C827019E5600079B2E /* Frameworks */ = {
			isa = PBXFrameworksBuildPhase;
			buildActionMask = 2147483647;
			files = (
			);
			runOnlyForDeploymentPostprocessing = 0;
		};
/* End PBXFrameworksBuildPhase section */

/* Begin PBXGroup section */
		A76878C227019E5500079B2E = {
			isa = PBXGroup;
			children = (
				A76878CD27019E5600079B2E /* Schemes */,
				A76878CC27019E5600079B2E /* Products */,
			);
			sourceTree = "<group>";
		};
		A76878CC27019E5600079B2E /* Products */ = {
			isa = PBXGroup;
			children = (
				A76878CB27019E5600079B2E /* Schemes.app */,
			);
			name = Products;
			sourceTree = "<group>";
		};
		A76878CD27019E5600079B2E /* Schemes */ = {
			isa = PBXGroup;
			children = (
				A76878E527019EB100079B2E /* Support Files */,
				A76878E327019E9300079B2E /* Model */,
				A76878E427019E9A00079B2E /* NIBs */,
				A76878CE27019E5600079B2E /* AppDelegate.swift */,
				A76878DB27019E7300079B2E /* MainWindowController.swift */,
				A76878DF27019E8E00079B2E /* ViewController.swift */,
				A76878D527019E5600079B2E /* Schemes.entitlements */,
			);
			path = Schemes;
			sourceTree = "<group>";
		};
		A76878E327019E9300079B2E /* Model */ = {
			isa = PBXGroup;
			children = (
				A76878E627019F0300079B2E /* Entry.swift */,
			);
			path = Model;
			sourceTree = "<group>";
		};
		A76878E427019E9A00079B2E /* NIBs */ = {
			isa = PBXGroup;
			children = (
				A76878D227019E5600079B2E /* MainMenu.xib */,
				A76878E027019E8E00079B2E /* ViewController.xib */,
				A76878DC27019E7300079B2E /* MainWindowController.xib */,
			);
			path = NIBs;
			sourceTree = "<group>";
		};
		A76878E527019EB100079B2E /* Support Files */ = {
			isa = PBXGroup;
			children = (
				A76878D027019E5600079B2E /* Assets.xcassets */,
			);
			path = "Support Files";
			sourceTree = "<group>";
		};
/* End PBXGroup section */

/* Begin PBXNativeTarget section */
		A76878CA27019E5600079B2E /* Schemes */ = {
			isa = PBXNativeTarget;
			buildConfigurationList = A76878D827019E5600079B2E /* Build configuration list for PBXNativeTarget "Schemes" */;
			buildPhases = (
				A76878C727019E5600079B2E /* Sources */,
				A76878C827019E5600079B2E /* Frameworks */,
				A76878C927019E5600079B2E /* Resources */,
			);
			buildRules = (
			);
			dependencies = (
			);
			name = Schemes;
			productName = Schemes;
			productReference = A76878CB27019E5600079B2E /* Schemes.app */;
			productType = "com.apple.product-type.application";
		};
/* End PBXNativeTarget section */

/* Begin PBXProject section */
		A76878C327019E5500079B2E /* Project object */ = {
			isa = PBXProject;
			attributes = {
				BuildIndependentTargetsInParallel = 1;
				LastSwiftUpdateCheck = 1300;
				LastUpgradeCheck = 1300;
				TargetAttributes = {
					A76878CA27019E5600079B2E = {
						CreatedOnToolsVersion = 13.0;
					};
				};
			};
			buildConfigurationList = A76878C627019E5500079B2E /* Build configuration list for PBXProject "Schemes" */;
			compatibilityVersion = "Xcode 13.0";
			developmentRegion = en;
			hasScannedForEncodings = 0;
			knownRegions = (
				en,
				Base,
			);
			mainGroup = A76878C227019E5500079B2E;
			productRefGroup = A76878CC27019E5600079B2E /* Products */;
			projectDirPath = "";
			projectRoot = "";
			targets = (
				A76878CA27019E5600079B2E /* Schemes */,
			);
		};
/* End PBXProject section */

/* Begin PBXResourcesBuildPhase section */
		A76878C927019E5600079B2E /* Resources */ = {
			isa = PBXResourcesBuildPhase;
			buildActionMask = 2147483647;
			files = (
				A76878D127019E5600079B2E /* Assets.xcassets in Resources */,
				A76878DE27019E7300079B2E /* MainWindowController.xib in Resources */,
				A76878E227019E8E00079B2E /* ViewController.xib in Resources */,
				A76878D427019E5600079B2E /* MainMenu.xib in Resources */,
			);
			runOnlyForDeploymentPostprocessing = 0;
		};
/* End PBXResourcesBuildPhase section */

/* Begin PBXSourcesBuildPhase section */
		A76878C727019E5600079B2E /* Sources */ = {
			isa = PBXSourcesBuildPhase;
			buildActionMask = 2147483647;
			files = (
				A76878E727019F0300079B2E /* Entry.swift in Sources */,
				A76878E127019E8E00079B2E /* ViewController.swift in Sources */,
				A76878DD27019E7300079B2E /* MainWindowController.swift in Sources */,
				A76878CF27019E5600079B2E /* AppDelegate.swift in Sources */,
			);
			runOnlyForDeploymentPostprocessing = 0;
		};
/* End PBXSourcesBuildPhase section */

/* Begin PBXVariantGroup section */
		A76878D227019E5600079B2E /* MainMenu.xib */ = {
			isa = PBXVariantGroup;
			children = (
				A76878D327019E5600079B2E /* Base */,
			);
			name = MainMenu.xib;
			sourceTree = "<group>";
		};
/* End PBXVariantGroup section */

/* Begin XCBuildConfiguration section */
		A76878D627019E5600079B2E /* Debug */ = {
			isa = XCBuildConfiguration;
			buildSettings = {
				ALWAYS_SEARCH_USER_PATHS = NO;
				CLANG_ANALYZER_NONNULL = YES;
				CLANG_ANALYZER_NUMBER_OBJECT_CONVERSION = YES_AGGRESSIVE;
				CLANG_CXX_LANGUAGE_STANDARD = "gnu++17";
				CLANG_CXX_LIBRARY = "libc++";
				CLANG_ENABLE_MODULES = YES;
				CLANG_ENABLE_OBJC_ARC = YES;
				CLANG_ENABLE_OBJC_WEAK = YES;
				CLANG_WARN_BLOCK_CAPTURE_AUTORELEASING = YES;
				CLANG_WARN_BOOL_CONVERSION = YES;
				CLANG_WARN_COMMA = YES;
				CLANG_WARN_CONSTANT_CONVERSION = YES;
				CLANG_WARN_DEPRECATED_OBJC_IMPLEMENTATIONS = YES;
				CLANG_WARN_DIRECT_OBJC_ISA_USAGE = YES_ERROR;
				CLANG_WARN_DOCUMENTATION_COMMENTS = YES;
				CLANG_WARN_EMPTY_BODY = YES;
				CLANG_WARN_ENUM_CONVERSION = YES;
				CLANG_WARN_INFINITE_RECURSION = YES;
				CLANG_WARN_INT_CONVERSION = YES;
				CLANG_WARN_NON_LITERAL_NULL_CONVERSION = YES;
				CLANG_WARN_OBJC_IMPLICIT_RETAIN_SELF = YES;
				CLANG_WARN_OBJC_LITERAL_CONVERSION = YES;
				CLANG_WARN_OBJC_ROOT_CLASS = YES_ERROR;
				CLANG_WARN_QUOTED_INCLUDE_IN_FRAMEWORK_HEADER = YES;
				CLANG_WARN_RANGE_LOOP_ANALYSIS = YES;
				CLANG_WARN_STRICT_PROTOTYPES = YES;
				CLANG_WARN_SUSPICIOUS_MOVE = YES;
				CLANG_WARN_UNGUARDED_AVAILABILITY = YES_AGGRESSIVE;
				CLANG_WARN_UNREACHABLE_CODE = YES;
				CLANG_WARN__DUPLICATE_METHOD_MATCH = YES;
				COPY_PHASE_STRIP = NO;
				DEBUG_INFORMATION_FORMAT = dwarf;
				ENABLE_STRICT_OBJC_MSGSEND = YES;
				ENABLE_TESTABILITY = YES;
				GCC_C_LANGUAGE_STANDARD = gnu11;
				GCC_DYNAMIC_NO_PIC = NO;
				GCC_NO_COMMON_BLOCKS = YES;
				GCC_OPTIMIZATION_LEVEL = 0;
				GCC_PREPROCESSOR_DEFINITIONS = (
					"DEBUG=1",
					"$(inherited)",
				);
				GCC_WARN_64_TO_32_BIT_CONVERSION = YES;
				GCC_WARN_ABOUT_RETURN_TYPE = YES_ERROR;
				GCC_WARN_UNDECLARED_SELECTOR = YES;
				GCC_WARN_UNINITIALIZED_AUTOS = YES_AGGRESSIVE;
				GCC_WARN_UNUSED_FUNCTION = YES;
				GCC_WARN_UNUSED_VARIABLE = YES;
				MACOSX_DEPLOYMENT_TARGET = 11.3;
				MTL_ENABLE_DEBUG_INFO = INCLUDE_SOURCE;
				MTL_FAST_MATH = YES;
				ONLY_ACTIVE_ARCH = YES;
				SDKROOT = macosx;
				SWIFT_ACTIVE_COMPILATION_CONDITIONS = DEBUG;
				SWIFT_OPTIMIZATION_LEVEL = "-Onone";
			};
			name = Debug;
		};
		A76878D727019E5600079B2E /* Release */ = {
			isa = XCBuildConfiguration;
			buildSettings = {
				ALWAYS_SEARCH_USER_PATHS = NO;
				CLANG_ANALYZER_NONNULL = YES;
				CLANG_ANALYZER_NUMBER_OBJECT_CONVERSION = YES_AGGRESSIVE;
				CLANG_CXX_LANGUAGE_STANDARD = "gnu++17";
				CLANG_CXX_LIBRARY = "libc++";
				CLANG_ENABLE_MODULES = YES;
				CLANG_ENABLE_OBJC_ARC = YES;
				CLANG_ENABLE_OBJC_WEAK = YES;
				CLANG_WARN_BLOCK_CAPTURE_AUTORELEASING = YES;
				CLANG_WARN_BOOL_CONVERSION = YES;
				CLANG_WARN_COMMA = YES;
				CLANG_WARN_CONSTANT_CONVERSION = YES;
				CLANG_WARN_DEPRECATED_OBJC_IMPLEMENTATIONS = YES;
				CLANG_WARN_DIRECT_OBJC_ISA_USAGE = YES_ERROR;
				CLANG_WARN_DOCUMENTATION_COMMENTS = YES;
				CLANG_WARN_EMPTY_BODY = YES;
				CLANG_WARN_ENUM_CONVERSION = YES;
				CLANG_WARN_INFINITE_RECURSION = YES;
				CLANG_WARN_INT_CONVERSION = YES;
				CLANG_WARN_NON_LITERAL_NULL_CONVERSION = YES;
				CLANG_WARN_OBJC_IMPLICIT_RETAIN_SELF = YES;
				CLANG_WARN_OBJC_LITERAL_CONVERSION = YES;
				CLANG_WARN_OBJC_ROOT_CLASS = YES_ERROR;
				CLANG_WARN_QUOTED_INCLUDE_IN_FRAMEWORK_HEADER = YES;
				CLANG_WARN_RANGE_LOOP_ANALYSIS = YES;
				CLANG_WARN_STRICT_PROTOTYPES = YES;
				CLANG_WARN_SUSPICIOUS_MOVE = YES;
				CLANG_WARN_UNGUARDED_AVAILABILITY = YES_AGGRESSIVE;
				CLANG_WARN_UNREACHABLE_CODE = YES;
				CLANG_WARN__DUPLICATE_METHOD_MATCH = YES;
				COPY_PHASE_STRIP = NO;
				DEBUG_INFORMATION_FORMAT = "dwarf-with-dsym";
				ENABLE_NS_ASSERTIONS = NO;
				ENABLE_STRICT_OBJC_MSGSEND = YES;
				GCC_C_LANGUAGE_STANDARD = gnu11;
				GCC_NO_COMMON_BLOCKS = YES;
				GCC_WARN_64_TO_32_BIT_CONVERSION = YES;
				GCC_WARN_ABOUT_RETURN_TYPE = YES_ERROR;
				GCC_WARN_UNDECLARED_SELECTOR = YES;
				GCC_WARN_UNINITIALIZED_AUTOS = YES_AGGRESSIVE;
				GCC_WARN_UNUSED_FUNCTION = YES;
				GCC_WARN_UNUSED_VARIABLE = YES;
				MACOSX_DEPLOYMENT_TARGET = 11.3;
				MTL_ENABLE_DEBUG_INFO = NO;
				MTL_FAST_MATH = YES;
				SDKROOT = macosx;
				SWIFT_COMPILATION_MODE = wholemodule;
				SWIFT_OPTIMIZATION_LEVEL = "-O";
			};
			name = Release;
		};
		A76878D927019E5600079B2E /* Debug */ = {
			isa = XCBuildConfiguration;
			buildSettings = {
				ASSETCATALOG_COMPILER_APPICON_NAME = AppIcon;
				ASSETCATALOG_COMPILER_GLOBAL_ACCENT_COLOR_NAME = AccentColor;
				CODE_SIGN_ENTITLEMENTS = Schemes/Schemes.entitlements;
				CODE_SIGN_IDENTITY = "-";
				CODE_SIGN_STYLE = Manual;
				COMBINE_HIDPI_IMAGES = YES;
				CURRENT_PROJECT_VERSION = 1;
				DEVELOPMENT_TEAM = "";
				ENABLE_HARDENED_RUNTIME = YES;
				GENERATE_INFOPLIST_FILE = YES;
				INFOPLIST_KEY_LSApplicationCategoryType = "public.app-category.developer-tools";
				INFOPLIST_KEY_NSHumanReadableCopyright = "";
				INFOPLIST_KEY_NSMainNibFile = MainMenu;
				INFOPLIST_KEY_NSPrincipalClass = NSApplication;
				LD_RUNPATH_SEARCH_PATHS = (
					"$(inherited)",
					"@executable_path/../Frameworks",
				);
				MARKETING_VERSION = 0.1;
				PRODUCT_BUNDLE_IDENTIFIER = "de.oliver-epper.Schemes";
				PRODUCT_NAME = "$(TARGET_NAME)";
				PROVISIONING_PROFILE_SPECIFIER = "";
				SWIFT_EMIT_LOC_STRINGS = YES;
				SWIFT_VERSION = 5.0;
			};
			name = Debug;
		};
		A76878DA27019E5600079B2E /* Release */ = {
			isa = XCBuildConfiguration;
			buildSettings = {
				ASSETCATALOG_COMPILER_APPICON_NAME = AppIcon;
				ASSETCATALOG_COMPILER_GLOBAL_ACCENT_COLOR_NAME = AccentColor;
				CODE_SIGN_ENTITLEMENTS = Schemes/Schemes.entitlements;
				CODE_SIGN_IDENTITY = "-";
				CODE_SIGN_STYLE = Automatic;
				COMBINE_HIDPI_IMAGES = YES;
				CURRENT_PROJECT_VERSION = 1;
				DEVELOPMENT_TEAM = Q965D3UXEW;
				ENABLE_HARDENED_RUNTIME = YES;
				GENERATE_INFOPLIST_FILE = YES;
				INFOPLIST_KEY_LSApplicationCategoryType = "public.app-category.developer-tools";
				INFOPLIST_KEY_NSHumanReadableCopyright = "";
				INFOPLIST_KEY_NSMainNibFile = MainMenu;
				INFOPLIST_KEY_NSPrincipalClass = NSApplication;
				LD_RUNPATH_SEARCH_PATHS = (
					"$(inherited)",
					"@executable_path/../Frameworks",
				);
				MARKETING_VERSION = 0.1;
				PRODUCT_BUNDLE_IDENTIFIER = "de.oliver-epper.Schemes";
				PRODUCT_NAME = "$(TARGET_NAME)";
				SWIFT_EMIT_LOC_STRINGS = YES;
				SWIFT_VERSION = 5.0;
			};
			name = Release;
		};
/* End XCBuildConfiguration section */

/* Begin XCConfigurationList section */
		A76878C627019E5500079B2E /* Build configuration list for PBXProject "Schemes" */ = {
			isa = XCConfigurationList;
			buildConfigurations = (
				A76878D627019E5600079B2E /* Debug */,
				A76878D727019E5600079B2E /* Release */,
			);
			defaultConfigurationIsVisible = 0;
			defaultConfigurationName = Release;
		};
		A76878D827019E5600079B2E /* Build configuration list for PBXNativeTarget "Schemes" */ = {
			isa = XCConfigurationList;
			buildConfigurations = (
				A76878D927019E5600079B2E /* Debug */,
				A76878DA27019E5600079B2E /* Release */,
			);
			defaultConfigurationIsVisible = 0;
			defaultConfigurationName = Release;
		};
/* End XCConfigurationList section */
	};
	rootObject = A76878C327019E5500079B2E /* Project object */;
}
