// !$*UTF8*$!
{
	archiveVersion = 1;
	classes = {
	};
	objectVersion = 55;
	objects = {

/* Begin PBXBuildFile section */
		A7006299270A1EA3007D13DD /* Entry.swift in Sources */ = {isa = PBXBuildFile; fileRef = A7006298270A1EA3007D13DD /* Entry.swift */; };
		A7CCF56A270A021B0087280A /* AppDelegate.swift in Sources */ = {isa = PBXBuildFile; fileRef = A7CCF569270A021B0087280A /* AppDelegate.swift */; };
		A7CCF56C270A021C0087280A /* Assets.xcassets in Resources */ = {isa = PBXBuildFile; fileRef = A7CCF56B270A021C0087280A /* Assets.xcassets */; };
		A7CCF56F270A021C0087280A /* MainMenu.xib in Resources */ = {isa = PBXBuildFile; fileRef = A7CCF56D270A021C0087280A /* MainMenu.xib */; };
		A7CCF57A270A025E0087280A /* MainWindowController.swift in Sources */ = {isa = PBXBuildFile; fileRef = A7CCF578270A025E0087280A /* MainWindowController.swift */; };
		A7CCF57B270A025E0087280A /* MainWindowController.xib in Resources */ = {isa = PBXBuildFile; fileRef = A7CCF579270A025E0087280A /* MainWindowController.xib */; };
		A7CCF57E270A026C0087280A /* MainViewController.swift in Sources */ = {isa = PBXBuildFile; fileRef = A7CCF57C270A026C0087280A /* MainViewController.swift */; };
		A7CCF57F270A026C0087280A /* MainViewController.xib in Resources */ = {isa = PBXBuildFile; fileRef = A7CCF57D270A026C0087280A /* MainViewController.xib */; };
		A7CCF582270A03440087280A /* Sparkle in Frameworks */ = {isa = PBXBuildFile; productRef = A7CCF581270A03440087280A /* Sparkle */; };
		A7CCF589270A03FA0087280A /* org.sparkle-project.InstallerLauncher.xpc in CopyFiles */ = {isa = PBXBuildFile; fileRef = A7CCF584270A03BC0087280A /* org.sparkle-project.InstallerLauncher.xpc */; settings = {ATTRIBUTES = (RemoveHeadersOnCopy, ); }; };
		A7CCF58A270A03FA0087280A /* org.sparkle-project.Downloader.xpc in CopyFiles */ = {isa = PBXBuildFile; fileRef = A7CCF586270A03D60087280A /* org.sparkle-project.Downloader.xpc */; settings = {ATTRIBUTES = (RemoveHeadersOnCopy, ); }; };
/* End PBXBuildFile section */

/* Begin PBXCopyFilesBuildPhase section */
		A7CCF588270A03F00087280A /* CopyFiles */ = {
			isa = PBXCopyFilesBuildPhase;
			buildActionMask = 2147483647;
			dstPath = "$(CONTENTS_FOLDER_PATH)/XPCServices";
			dstSubfolderSpec = 16;
			files = (
				A7CCF589270A03FA0087280A /* org.sparkle-project.InstallerLauncher.xpc in CopyFiles */,
				A7CCF58A270A03FA0087280A /* org.sparkle-project.Downloader.xpc in CopyFiles */,
			);
			runOnlyForDeploymentPostprocessing = 0;
		};
/* End PBXCopyFilesBuildPhase section */

/* Begin PBXFileReference section */
		A7006298270A1EA3007D13DD /* Entry.swift */ = {isa = PBXFileReference; lastKnownFileType = sourcecode.swift; path = Entry.swift; sourceTree = "<group>"; };
		A7CCF566270A021B0087280A /* Schemes.app */ = {isa = PBXFileReference; explicitFileType = wrapper.application; includeInIndex = 0; path = Schemes.app; sourceTree = BUILT_PRODUCTS_DIR; };
		A7CCF569270A021B0087280A /* AppDelegate.swift */ = {isa = PBXFileReference; lastKnownFileType = sourcecode.swift; path = AppDelegate.swift; sourceTree = "<group>"; };
		A7CCF56B270A021C0087280A /* Assets.xcassets */ = {isa = PBXFileReference; lastKnownFileType = folder.assetcatalog; path = Assets.xcassets; sourceTree = "<group>"; };
		A7CCF56E270A021C0087280A /* Base */ = {isa = PBXFileReference; lastKnownFileType = file.xib; name = Base; path = Base.lproj/MainMenu.xib; sourceTree = "<group>"; };
		A7CCF570270A021C0087280A /* Schemes.entitlements */ = {isa = PBXFileReference; lastKnownFileType = text.plist.entitlements; path = Schemes.entitlements; sourceTree = "<group>"; };
		A7CCF578270A025E0087280A /* MainWindowController.swift */ = {isa = PBXFileReference; lastKnownFileType = sourcecode.swift; path = MainWindowController.swift; sourceTree = "<group>"; };
		A7CCF579270A025E0087280A /* MainWindowController.xib */ = {isa = PBXFileReference; lastKnownFileType = file.xib; path = MainWindowController.xib; sourceTree = "<group>"; };
		A7CCF57C270A026C0087280A /* MainViewController.swift */ = {isa = PBXFileReference; lastKnownFileType = sourcecode.swift; path = MainViewController.swift; sourceTree = "<group>"; };
		A7CCF57D270A026C0087280A /* MainViewController.xib */ = {isa = PBXFileReference; lastKnownFileType = file.xib; path = MainViewController.xib; sourceTree = "<group>"; };
		A7CCF584270A03BC0087280A /* org.sparkle-project.InstallerLauncher.xpc */ = {isa = PBXFileReference; lastKnownFileType = "wrapper.xpc-service"; path = "org.sparkle-project.InstallerLauncher.xpc"; sourceTree = "<group>"; };
		A7CCF586270A03D60087280A /* org.sparkle-project.Downloader.xpc */ = {isa = PBXFileReference; lastKnownFileType = "wrapper.xpc-service"; path = "org.sparkle-project.Downloader.xpc"; sourceTree = "<group>"; };
		A7CCF58B270A049A0087280A /* Info.plist */ = {isa = PBXFileReference; lastKnownFileType = text.plist; path = Info.plist; sourceTree = "<group>"; };
/* End PBXFileReference section */

/* Begin PBXFrameworksBuildPhase section */
		A7CCF563270A021B0087280A /* Frameworks */ = {
			isa = PBXFrameworksBuildPhase;
			buildActionMask = 2147483647;
			files = (
				A7CCF582270A03440087280A /* Sparkle in Frameworks */,
			);
			runOnlyForDeploymentPostprocessing = 0;
		};
/* End PBXFrameworksBuildPhase section */

/* Begin PBXGroup section */
		A7006297270A1E6D007D13DD /* Model */ = {
			isa = PBXGroup;
			children = (
				A7006298270A1EA3007D13DD /* Entry.swift */,
			);
			path = Model;
			sourceTree = "<group>";
		};
		A7CCF55D270A021B0087280A = {
			isa = PBXGroup;
			children = (
				A7CCF568270A021B0087280A /* Schemes */,
				A7CCF567270A021B0087280A /* Products */,
			);
			sourceTree = "<group>";
		};
		A7CCF567270A021B0087280A /* Products */ = {
			isa = PBXGroup;
			children = (
				A7CCF566270A021B0087280A /* Schemes.app */,
			);
			name = Products;
			sourceTree = "<group>";
		};
		A7CCF568270A021B0087280A /* Schemes */ = {
			isa = PBXGroup;
			children = (
				A7CCF58B270A049A0087280A /* Info.plist */,
				A7CCF583270A037C0087280A /* XPC Services */,
				A7CCF577270A02440087280A /* Support Files */,
				A7006297270A1E6D007D13DD /* Model */,
				A7CCF576270A023D0087280A /* NIB Files */,
				A7CCF569270A021B0087280A /* AppDelegate.swift */,
				A7CCF578270A025E0087280A /* MainWindowController.swift */,
				A7CCF57C270A026C0087280A /* MainViewController.swift */,
				A7CCF570270A021C0087280A /* Schemes.entitlements */,
			);
			path = Schemes;
			sourceTree = "<group>";
		};
		A7CCF576270A023D0087280A /* NIB Files */ = {
			isa = PBXGroup;
			children = (
				A7CCF56D270A021C0087280A /* MainMenu.xib */,
				A7CCF579270A025E0087280A /* MainWindowController.xib */,
				A7CCF57D270A026C0087280A /* MainViewController.xib */,
			);
			path = "NIB Files";
			sourceTree = "<group>";
		};
		A7CCF577270A02440087280A /* Support Files */ = {
			isa = PBXGroup;
			children = (
				A7CCF56B270A021C0087280A /* Assets.xcassets */,
			);
			path = "Support Files";
			sourceTree = "<group>";
		};
		A7CCF583270A037C0087280A /* XPC Services */ = {
			isa = PBXGroup;
			children = (
				A7CCF584270A03BC0087280A /* org.sparkle-project.InstallerLauncher.xpc */,
				A7CCF586270A03D60087280A /* org.sparkle-project.Downloader.xpc */,
			);
			path = "XPC Services";
			sourceTree = "<group>";
		};
/* End PBXGroup section */

/* Begin PBXNativeTarget section */
		A7CCF565270A021B0087280A /* Schemes */ = {
			isa = PBXNativeTarget;
			buildConfigurationList = A7CCF573270A021C0087280A /* Build configuration list for PBXNativeTarget "Schemes" */;
			buildPhases = (
				A7CCF562270A021B0087280A /* Sources */,
				A7CCF563270A021B0087280A /* Frameworks */,
				A7CCF564270A021B0087280A /* Resources */,
				A7CCF588270A03F00087280A /* CopyFiles */,
			);
			buildRules = (
			);
			dependencies = (
			);
			name = Schemes;
			packageProductDependencies = (
				A7CCF581270A03440087280A /* Sparkle */,
			);
			productName = Schemes;
			productReference = A7CCF566270A021B0087280A /* Schemes.app */;
			productType = "com.apple.product-type.application";
		};
/* End PBXNativeTarget section */

/* Begin PBXProject section */
		A7CCF55E270A021B0087280A /* Project object */ = {
			isa = PBXProject;
			attributes = {
				BuildIndependentTargetsInParallel = 1;
				LastSwiftUpdateCheck = 1300;
				LastUpgradeCheck = 1300;
				TargetAttributes = {
					A7CCF565270A021B0087280A = {
						CreatedOnToolsVersion = 13.0;
					};
				};
			};
			buildConfigurationList = A7CCF561270A021B0087280A /* Build configuration list for PBXProject "Schemes" */;
			compatibilityVersion = "Xcode 13.0";
			developmentRegion = en;
			hasScannedForEncodings = 0;
			knownRegions = (
				en,
				Base,
			);
			mainGroup = A7CCF55D270A021B0087280A;
			packageReferences = (
				A7CCF580270A03440087280A /* XCRemoteSwiftPackageReference "Sparkle" */,
			);
			productRefGroup = A7CCF567270A021B0087280A /* Products */;
			projectDirPath = "";
			projectRoot = "";
			targets = (
				A7CCF565270A021B0087280A /* Schemes */,
			);
		};
/* End PBXProject section */

/* Begin PBXResourcesBuildPhase section */
		A7CCF564270A021B0087280A /* Resources */ = {
			isa = PBXResourcesBuildPhase;
			buildActionMask = 2147483647;
			files = (
				A7CCF56C270A021C0087280A /* Assets.xcassets in Resources */,
				A7CCF57B270A025E0087280A /* MainWindowController.xib in Resources */,
				A7CCF56F270A021C0087280A /* MainMenu.xib in Resources */,
				A7CCF57F270A026C0087280A /* MainViewController.xib in Resources */,
			);
			runOnlyForDeploymentPostprocessing = 0;
		};
/* End PBXResourcesBuildPhase section */

/* Begin PBXSourcesBuildPhase section */
		A7CCF562270A021B0087280A /* Sources */ = {
			isa = PBXSourcesBuildPhase;
			buildActionMask = 2147483647;
			files = (
				A7006299270A1EA3007D13DD /* Entry.swift in Sources */,
				A7CCF57E270A026C0087280A /* MainViewController.swift in Sources */,
				A7CCF57A270A025E0087280A /* MainWindowController.swift in Sources */,
				A7CCF56A270A021B0087280A /* AppDelegate.swift in Sources */,
			);
			runOnlyForDeploymentPostprocessing = 0;
		};
/* End PBXSourcesBuildPhase section */

/* Begin PBXVariantGroup section */
		A7CCF56D270A021C0087280A /* MainMenu.xib */ = {
			isa = PBXVariantGroup;
			children = (
				A7CCF56E270A021C0087280A /* Base */,
			);
			name = MainMenu.xib;
			sourceTree = "<group>";
		};
/* End PBXVariantGroup section */

/* Begin XCBuildConfiguration section */
		A7CCF571270A021C0087280A /* Debug */ = {
			isa = XCBuildConfiguration;
			buildSettings = {
				ALWAYS_SEARCH_USER_PATHS = NO;
				CLANG_ANALYZER_NONNULL = YES;
				CLANG_ANALYZER_NUMBER_OBJECT_CONVERSION = YES_AGGRESSIVE;
				CLANG_CXX_LANGUAGE_STANDARD = "gnu++17";
				CLANG_CXX_LIBRARY = "libc++";
				CLANG_ENABLE_MODULES = YES;
				CLANG_ENABLE_OBJC_ARC = YES;
				CLANG_ENABLE_OBJC_WEAK = YES;
				CLANG_WARN_BLOCK_CAPTURE_AUTORELEASING = YES;
				CLANG_WARN_BOOL_CONVERSION = YES;
				CLANG_WARN_COMMA = YES;
				CLANG_WARN_CONSTANT_CONVERSION = YES;
				CLANG_WARN_DEPRECATED_OBJC_IMPLEMENTATIONS = YES;
				CLANG_WARN_DIRECT_OBJC_ISA_USAGE = YES_ERROR;
				CLANG_WARN_DOCUMENTATION_COMMENTS = YES;
				CLANG_WARN_EMPTY_BODY = YES;
				CLANG_WARN_ENUM_CONVERSION = YES;
				CLANG_WARN_INFINITE_RECURSION = YES;
				CLANG_WARN_INT_CONVERSION = YES;
				CLANG_WARN_NON_LITERAL_NULL_CONVERSION = YES;
				CLANG_WARN_OBJC_IMPLICIT_RETAIN_SELF = YES;
				CLANG_WARN_OBJC_LITERAL_CONVERSION = YES;
				CLANG_WARN_OBJC_ROOT_CLASS = YES_ERROR;
				CLANG_WARN_QUOTED_INCLUDE_IN_FRAMEWORK_HEADER = YES;
				CLANG_WARN_RANGE_LOOP_ANALYSIS = YES;
				CLANG_WARN_STRICT_PROTOTYPES = YES;
				CLANG_WARN_SUSPICIOUS_MOVE = YES;
				CLANG_WARN_UNGUARDED_AVAILABILITY = YES_AGGRESSIVE;
				CLANG_WARN_UNREACHABLE_CODE = YES;
				CLANG_WARN__DUPLICATE_METHOD_MATCH = YES;
				COPY_PHASE_STRIP = NO;
				DEBUG_INFORMATION_FORMAT = dwarf;
				ENABLE_STRICT_OBJC_MSGSEND = YES;
				ENABLE_TESTABILITY = YES;
				GCC_C_LANGUAGE_STANDARD = gnu11;
				GCC_DYNAMIC_NO_PIC = NO;
				GCC_NO_COMMON_BLOCKS = YES;
				GCC_OPTIMIZATION_LEVEL = 0;
				GCC_PREPROCESSOR_DEFINITIONS = (
					"DEBUG=1",
					"$(inherited)",
				);
				GCC_WARN_64_TO_32_BIT_CONVERSION = YES;
				GCC_WARN_ABOUT_RETURN_TYPE = YES_ERROR;
				GCC_WARN_UNDECLARED_SELECTOR = YES;
				GCC_WARN_UNINITIALIZED_AUTOS = YES_AGGRESSIVE;
				GCC_WARN_UNUSED_FUNCTION = YES;
				GCC_WARN_UNUSED_VARIABLE = YES;
				MACOSX_DEPLOYMENT_TARGET = 11.3;
				MTL_ENABLE_DEBUG_INFO = INCLUDE_SOURCE;
				MTL_FAST_MATH = YES;
				ONLY_ACTIVE_ARCH = YES;
				SDKROOT = macosx;
				SWIFT_ACTIVE_COMPILATION_CONDITIONS = DEBUG;
				SWIFT_OPTIMIZATION_LEVEL = "-Onone";
			};
			name = Debug;
		};
		A7CCF572270A021C0087280A /* Release */ = {
			isa = XCBuildConfiguration;
			buildSettings = {
				ALWAYS_SEARCH_USER_PATHS = NO;
				CLANG_ANALYZER_NONNULL = YES;
				CLANG_ANALYZER_NUMBER_OBJECT_CONVERSION = YES_AGGRESSIVE;
				CLANG_CXX_LANGUAGE_STANDARD = "gnu++17";
				CLANG_CXX_LIBRARY = "libc++";
				CLANG_ENABLE_MODULES = YES;
				CLANG_ENABLE_OBJC_ARC = YES;
				CLANG_ENABLE_OBJC_WEAK = YES;
				CLANG_WARN_BLOCK_CAPTURE_AUTORELEASING = YES;
				CLANG_WARN_BOOL_CONVERSION = YES;
				CLANG_WARN_COMMA = YES;
				CLANG_WARN_CONSTANT_CONVERSION = YES;
				CLANG_WARN_DEPRECATED_OBJC_IMPLEMENTATIONS = YES;
				CLANG_WARN_DIRECT_OBJC_ISA_USAGE = YES_ERROR;
				CLANG_WARN_DOCUMENTATION_COMMENTS = YES;
				CLANG_WARN_EMPTY_BODY = YES;
				CLANG_WARN_ENUM_CONVERSION = YES;
				CLANG_WARN_INFINITE_RECURSION = YES;
				CLANG_WARN_INT_CONVERSION = YES;
				CLANG_WARN_NON_LITERAL_NULL_CONVERSION = YES;
				CLANG_WARN_OBJC_IMPLICIT_RETAIN_SELF = YES;
				CLANG_WARN_OBJC_LITERAL_CONVERSION = YES;
				CLANG_WARN_OBJC_ROOT_CLASS = YES_ERROR;
				CLANG_WARN_QUOTED_INCLUDE_IN_FRAMEWORK_HEADER = YES;
				CLANG_WARN_RANGE_LOOP_ANALYSIS = YES;
				CLANG_WARN_STRICT_PROTOTYPES = YES;
				CLANG_WARN_SUSPICIOUS_MOVE = YES;
				CLANG_WARN_UNGUARDED_AVAILABILITY = YES_AGGRESSIVE;
				CLANG_WARN_UNREACHABLE_CODE = YES;
				CLANG_WARN__DUPLICATE_METHOD_MATCH = YES;
				COPY_PHASE_STRIP = NO;
				DEBUG_INFORMATION_FORMAT = "dwarf-with-dsym";
				ENABLE_NS_ASSERTIONS = NO;
				ENABLE_STRICT_OBJC_MSGSEND = YES;
				GCC_C_LANGUAGE_STANDARD = gnu11;
				GCC_NO_COMMON_BLOCKS = YES;
				GCC_WARN_64_TO_32_BIT_CONVERSION = YES;
				GCC_WARN_ABOUT_RETURN_TYPE = YES_ERROR;
				GCC_WARN_UNDECLARED_SELECTOR = YES;
				GCC_WARN_UNINITIALIZED_AUTOS = YES_AGGRESSIVE;
				GCC_WARN_UNUSED_FUNCTION = YES;
				GCC_WARN_UNUSED_VARIABLE = YES;
				MACOSX_DEPLOYMENT_TARGET = 11.3;
				MTL_ENABLE_DEBUG_INFO = NO;
				MTL_FAST_MATH = YES;
				SDKROOT = macosx;
				SWIFT_COMPILATION_MODE = wholemodule;
				SWIFT_OPTIMIZATION_LEVEL = "-O";
			};
			name = Release;
		};
		A7CCF574270A021C0087280A /* Debug */ = {
			isa = XCBuildConfiguration;
			buildSettings = {
				ASSETCATALOG_COMPILER_APPICON_NAME = AppIcon;
				ASSETCATALOG_COMPILER_GLOBAL_ACCENT_COLOR_NAME = AccentColor;
				CODE_SIGN_ENTITLEMENTS = Schemes/Schemes.entitlements;
				CODE_SIGN_STYLE = Automatic;
				COMBINE_HIDPI_IMAGES = YES;
				CURRENT_PROJECT_VERSION = 2;
				DEVELOPMENT_TEAM = AWJ83G3EPY;
				ENABLE_HARDENED_RUNTIME = YES;
				GENERATE_INFOPLIST_FILE = YES;
				INFOPLIST_FILE = Schemes/Info.plist;
				INFOPLIST_KEY_NSHumanReadableCopyright = "";
				INFOPLIST_KEY_NSMainNibFile = MainMenu;
				INFOPLIST_KEY_NSPrincipalClass = NSApplication;
				LD_RUNPATH_SEARCH_PATHS = (
					"$(inherited)",
					"@executable_path/../Frameworks",
				);
				MARKETING_VERSION = 0.1.1;
				PRODUCT_BUNDLE_IDENTIFIER = "de.oliver-epper.Schemes";
				PRODUCT_NAME = "$(TARGET_NAME)";
				SWIFT_EMIT_LOC_STRINGS = YES;
				SWIFT_VERSION = 5.0;
			};
			name = Debug;
		};
		A7CCF575270A021C0087280A /* Release */ = {
			isa = XCBuildConfiguration;
			buildSettings = {
				ASSETCATALOG_COMPILER_APPICON_NAME = AppIcon;
				ASSETCATALOG_COMPILER_GLOBAL_ACCENT_COLOR_NAME = AccentColor;
				CODE_SIGN_ENTITLEMENTS = Schemes/Schemes.entitlements;
				CODE_SIGN_STYLE = Automatic;
				COMBINE_HIDPI_IMAGES = YES;
				CURRENT_PROJECT_VERSION = 2;
				DEVELOPMENT_TEAM = AWJ83G3EPY;
				ENABLE_HARDENED_RUNTIME = YES;
				GENERATE_INFOPLIST_FILE = YES;
				INFOPLIST_FILE = Schemes/Info.plist;
				INFOPLIST_KEY_NSHumanReadableCopyright = "";
				INFOPLIST_KEY_NSMainNibFile = MainMenu;
				INFOPLIST_KEY_NSPrincipalClass = NSApplication;
				LD_RUNPATH_SEARCH_PATHS = (
					"$(inherited)",
					"@executable_path/../Frameworks",
				);
				MARKETING_VERSION = 0.1.1;
				PRODUCT_BUNDLE_IDENTIFIER = "de.oliver-epper.Schemes";
				PRODUCT_NAME = "$(TARGET_NAME)";
				SWIFT_EMIT_LOC_STRINGS = YES;
				SWIFT_VERSION = 5.0;
			};
			name = Release;
		};
/* End XCBuildConfiguration section */

/* Begin XCConfigurationList section */
		A7CCF561270A021B0087280A /* Build configuration list for PBXProject "Schemes" */ = {
			isa = XCConfigurationList;
			buildConfigurations = (
				A7CCF571270A021C0087280A /* Debug */,
				A7CCF572270A021C0087280A /* Release */,
			);
			defaultConfigurationIsVisible = 0;
			defaultConfigurationName = Release;
		};
		A7CCF573270A021C0087280A /* Build configuration list for PBXNativeTarget "Schemes" */ = {
			isa = XCConfigurationList;
			buildConfigurations = (
				A7CCF574270A021C0087280A /* Debug */,
				A7CCF575270A021C0087280A /* Release */,
			);
			defaultConfigurationIsVisible = 0;
			defaultConfigurationName = Release;
		};
/* End XCConfigurationList section */

/* Begin XCRemoteSwiftPackageReference section */
		A7CCF580270A03440087280A /* XCRemoteSwiftPackageReference "Sparkle" */ = {
			isa = XCRemoteSwiftPackageReference;
			repositoryURL = "https://github.com/sparkle-project/Sparkle";
			requirement = {
				branch = 2.x;
				kind = branch;
			};
		};
/* End XCRemoteSwiftPackageReference section */

/* Begin XCSwiftPackageProductDependency section */
		A7CCF581270A03440087280A /* Sparkle */ = {
			isa = XCSwiftPackageProductDependency;
			package = A7CCF580270A03440087280A /* XCRemoteSwiftPackageReference "Sparkle" */;
			productName = Sparkle;
		};
/* End XCSwiftPackageProductDependency section */
	};
	rootObject = A7CCF55E270A021B0087280A /* Project object */;
}
