{
  "object": {
    "pins": [
      {
        "package": "Sparkle",
        "repositoryURL": "https://github.com/sparkle-project/Sparkle",
        "state": {
          "branch": "2.x",
          "revision": "a9d5a4276886de9a905e542a9dc07bf8716b9fda",
          "version": null
        }
      }
    ]
  },
  "version": 1
}
